
Microsoft Visual Studio Solution File, Format Version 12.00
# Visual Studio Version 16
VisualStudioVersion = 16.0.30011.22
MinimumVisualStudioVersion = 10.0.40219.1
Project("{9A19103F-16F7-4668-BE54-9A1E7A4F7556}") = "ShopApp.Entities", "ShopApp.Entities\ShopApp.Entities.csproj", "{56D4ABAE-FDA0-4584-BEB5-18E011D51A6F}"
EndProject
Project("{9A19103F-16F7-4668-BE54-9A1E7A4F7556}") = "ShopApp.Business", "ShopApp.Business\ShopApp.Business.csproj", "{C5253172-C0E9-4494-B505-84D7DE0D3BDD}"
EndProject
Project("{9A19103F-16F7-4668-BE54-9A1E7A4F7556}") = "ShopApp.DataAccess", "ShopApp.DataAccess\ShopApp.DataAccess.csproj", "{E7EC15E5-172B-4C6D-B113-4F6582AB6F89}"
EndProject
Project("{FAE04EC0-301F-11D3-BF4B-00C04F79EFBC}") = "ShopApp.WebUI", "ShopApp.WebUI\ShopApp.WebUI.csproj", "{D7FCA68E-CFDB-4B2E-9AF6-034D74BFAFCA}"
EndProject
Global
	GlobalSection(SolutionConfigurationPlatforms) = preSolution
		Debug|Any CPU = Debug|Any CPU
		Release|Any CPU = Release|Any CPU
	EndGlobalSection
	GlobalSection(ProjectConfigurationPlatforms) = postSolution
		{56D4ABAE-FDA0-4584-BEB5-18E011D51A6F}.Debug|Any CPU.ActiveCfg = Debug|Any CPU
		{56D4ABAE-FDA0-4584-BEB5-18E011D51A6F}.Debug|Any CPU.Build.0 = Debug|Any CPU
		{56D4ABAE-FDA0-4584-BEB5-18E011D51A6F}.Release|Any CPU.ActiveCfg = Release|Any CPU
		{56D4ABAE-FDA0-4584-BEB5-18E011D51A6F}.Release|Any CPU.Build.0 = Release|Any CPU
		{C5253172-C0E9-4494-B505-84D7DE0D3BDD}.Debug|Any CPU.ActiveCfg = Debug|Any CPU
		{C5253172-C0E9-4494-B505-84D7DE0D3BDD}.Debug|Any CPU.Build.0 = Debug|Any CPU
		{C5253172-C0E9-4494-B505-84D7DE0D3BDD}.Release|Any CPU.ActiveCfg = Release|Any CPU
		{C5253172-C0E9-4494-B505-84D7DE0D3BDD}.Release|Any CPU.Build.0 = Release|Any CPU
		{E7EC15E5-172B-4C6D-B113-4F6582AB6F89}.Debug|Any CPU.ActiveCfg = Debug|Any CPU
		{E7EC15E5-172B-4C6D-B113-4F6582AB6F89}.Debug|Any CPU.Build.0 = Debug|Any CPU
		{E7EC15E5-172B-4C6D-B113-4F6582AB6F89}.Release|Any CPU.ActiveCfg = Release|Any CPU
		{E7EC15E5-172B-4C6D-B113-4F6582AB6F89}.Release|Any CPU.Build.0 = Release|Any CPU
		{D7FCA68E-CFDB-4B2E-9AF6-034D74BFAFCA}.Debug|Any CPU.ActiveCfg = Debug|Any CPU
		{D7FCA68E-CFDB-4B2E-9AF6-034D74BFAFCA}.Debug|Any CPU.Build.0 = Debug|Any CPU
		{D7FCA68E-CFDB-4B2E-9AF6-034D74BFAFCA}.Release|Any CPU.ActiveCfg = Release|Any CPU
		{D7FCA68E-CFDB-4B2E-9AF6-034D74BFAFCA}.Release|Any CPU.Build.0 = Release|Any CPU
	EndGlobalSection
	GlobalSection(SolutionProperties) = preSolution
		HideSolutionNode = FALSE
	EndGlobalSection
	GlobalSection(ExtensibilityGlobals) = postSolution
		SolutionGuid = {8FA399A0-1378-4794-BB49-271473E6C0DB}
	EndGlobalSection
EndGlobal
